
Microsoft Visual Studio Solution File, Format Version 12.00
# Visual Studio Version 16
VisualStudioVersion = 16.0.30309.148
MinimumVisualStudioVersion = 10.0.40219.1
Project("{9A19103F-16F7-4668-BE54-9A1E7A4F7556}") = "Task01", "Task01.csproj", "{C6AD05E4-3A92-4ADE-BC53-FB9075DC2561}"
EndProject
Project("{9A19103F-16F7-4668-BE54-9A1E7A4F7556}") = "Task01.MSTestTests", "test\Task01.MSTestTests\Task01.MSTestTests.csproj", "{1E33D126-CEDC-444F-BA69-28F7949FB111}"
EndProject
Project("{FAE04EC0-301F-11D3-BF4B-00C04F79EFBC}") = "Task01.NUnitTests", "test\Task01.NUnitTests\Task01.NUnitTests.csproj", "{B275272D-E6C4-4401-A55E-586853A6EFCC}"
EndProject
Global
	GlobalSection(SolutionConfigurationPlatforms) = preSolution
		Debug|Any CPU = Debug|Any CPU
		Release|Any CPU = Release|Any CPU
	EndGlobalSection
	GlobalSection(ProjectConfigurationPlatforms) = postSolution
		{C6AD05E4-3A92-4ADE-BC53-FB9075DC2561}.Debug|Any CPU.ActiveCfg = Debug|Any CPU
		{C6AD05E4-3A92-4ADE-BC53-FB9075DC2561}.Debug|Any CPU.Build.0 = Debug|Any CPU
		{C6AD05E4-3A92-4ADE-BC53-FB9075DC2561}.Release|Any CPU.ActiveCfg = Release|Any CPU
		{C6AD05E4-3A92-4ADE-BC53-FB9075DC2561}.Release|Any CPU.Build.0 = Release|Any CPU
		{1E33D126-CEDC-444F-BA69-28F7949FB111}.Debug|Any CPU.ActiveCfg = Debug|Any CPU
		{1E33D126-CEDC-444F-BA69-28F7949FB111}.Debug|Any CPU.Build.0 = Debug|Any CPU
		{1E33D126-CEDC-444F-BA69-28F7949FB111}.Release|Any CPU.ActiveCfg = Release|Any CPU
		{1E33D126-CEDC-444F-BA69-28F7949FB111}.Release|Any CPU.Build.0 = Release|Any CPU
		{B275272D-E6C4-4401-A55E-586853A6EFCC}.Debug|Any CPU.ActiveCfg = Debug|Any CPU
		{B275272D-E6C4-4401-A55E-586853A6EFCC}.Debug|Any CPU.Build.0 = Debug|Any CPU
		{B275272D-E6C4-4401-A55E-586853A6EFCC}.Release|Any CPU.ActiveCfg = Release|Any CPU
		{B275272D-E6C4-4401-A55E-586853A6EFCC}.Release|Any CPU.Build.0 = Release|Any CPU
	EndGlobalSection
	GlobalSection(SolutionProperties) = preSolution
		HideSolutionNode = FALSE
	EndGlobalSection
	GlobalSection(ExtensibilityGlobals) = postSolution
		SolutionGuid = {50E9200D-867D-4D85-BC70-1145691B44BD}
	EndGlobalSection
EndGlobal
